
Microsoft Visual Studio Solution File, Format Version 12.00
# Visual Studio Version 17
VisualStudioVersion = 17.5.002.0
MinimumVisualStudioVersion = 10.0.40219.1
Project("{9A19103F-16F7-4668-BE54-9A1E7A4F7556}") = "dockerlektion", "dockerlektion.csproj", "{9BF647FE-70DB-4A0A-A76E-D755CE670966}"
EndProject
Global
	GlobalSection(SolutionConfigurationPlatforms) = preSolution
		Debug|Any CPU = Debug|Any CPU
		Release|Any CPU = Release|Any CPU
	EndGlobalSection
	GlobalSection(ProjectConfigurationPlatforms) = postSolution
		{9BF647FE-70DB-4A0A-A76E-D755CE670966}.Debug|Any CPU.ActiveCfg = Debug|Any CPU
		{9BF647FE-70DB-4A0A-A76E-D755CE670966}.Debug|Any CPU.Build.0 = Debug|Any CPU
		{9BF647FE-70DB-4A0A-A76E-D755CE670966}.Release|Any CPU.ActiveCfg = Release|Any CPU
		{9BF647FE-70DB-4A0A-A76E-D755CE670966}.Release|Any CPU.Build.0 = Release|Any CPU
	EndGlobalSection
	GlobalSection(SolutionProperties) = preSolution
		HideSolutionNode = FALSE
	EndGlobalSection
	GlobalSection(ExtensibilityGlobals) = postSolution
		SolutionGuid = {C898F18A-3557-4FC7-9E21-523667233288}
	EndGlobalSection
EndGlobal
